
Microsoft Visual Studio Solution File, Format Version 12.00
# Visual Studio Version 17
VisualStudioVersion = 17.8.34212.112
MinimumVisualStudioVersion = 10.0.40219.1
Project("{FAE04EC0-301F-11D3-BF4B-00C04F79EFBC}") = "Target1", "Target1\Target1.csproj", "{262A86F3-1F36-4E93-BBE6-0A65A5C17122}"
EndProject
Global
	GlobalSection(SolutionConfigurationPlatforms) = preSolution
		Debug|Any CPU = Debug|Any CPU
		Release|Any CPU = Release|Any CPU
	EndGlobalSection
	GlobalSection(ProjectConfigurationPlatforms) = postSolution
		{262A86F3-1F36-4E93-BBE6-0A65A5C17122}.Debug|Any CPU.ActiveCfg = Debug|Any CPU
		{262A86F3-1F36-4E93-BBE6-0A65A5C17122}.Debug|Any CPU.Build.0 = Debug|Any CPU
		{262A86F3-1F36-4E93-BBE6-0A65A5C17122}.Release|Any CPU.ActiveCfg = Release|Any CPU
		{262A86F3-1F36-4E93-BBE6-0A65A5C17122}.Release|Any CPU.Build.0 = Release|Any CPU
	EndGlobalSection
	GlobalSection(SolutionProperties) = preSolution
		HideSolutionNode = FALSE
	EndGlobalSection
	GlobalSection(ExtensibilityGlobals) = postSolution
		SolutionGuid = {2946E378-699B-4BCF-BB9F-4280755C5FCC}
	EndGlobalSection
EndGlobal
